
Microsoft Visual Studio Solution File, Format Version 12.00
# Visual Studio Version 17
VisualStudioVersion = 17.0.31903.59
MinimumVisualStudioVersion = 10.0.40219.1
Project("{FAE04EC0-301F-11D3-BF4B-00C04F79EFBC}") = "PseudonymizationApi", "PseudonymizationApi\PseudonymizationApi.csproj", "{A7984848-1B8E-4BED-9953-67CB80AF129B}"
EndProject
Project("{FAE04EC0-301F-11D3-BF4B-00C04F79EFBC}") = "DatabaseMigrator", "DatabaseMigrator\DatabaseMigrator.csproj", "{105E70C5-6F74-421D-9CD0-273D2B4E2AA2}"
EndProject
Global
	GlobalSection(SolutionConfigurationPlatforms) = preSolution
		Debug|Any CPU = Debug|Any CPU
		Release|Any CPU = Release|Any CPU
	EndGlobalSection
	GlobalSection(SolutionProperties) = preSolution
		HideSolutionNode = FALSE
	EndGlobalSection
	GlobalSection(ProjectConfigurationPlatforms) = postSolution
		{A7984848-1B8E-4BED-9953-67CB80AF129B}.Debug|Any CPU.ActiveCfg = Debug|Any CPU
		{A7984848-1B8E-4BED-9953-67CB80AF129B}.Debug|Any CPU.Build.0 = Debug|Any CPU
		{A7984848-1B8E-4BED-9953-67CB80AF129B}.Release|Any CPU.ActiveCfg = Release|Any CPU
		{A7984848-1B8E-4BED-9953-67CB80AF129B}.Release|Any CPU.Build.0 = Release|Any CPU
		{105E70C5-6F74-421D-9CD0-273D2B4E2AA2}.Debug|Any CPU.ActiveCfg = Debug|Any CPU
		{105E70C5-6F74-421D-9CD0-273D2B4E2AA2}.Debug|Any CPU.Build.0 = Debug|Any CPU
		{105E70C5-6F74-421D-9CD0-273D2B4E2AA2}.Release|Any CPU.ActiveCfg = Release|Any CPU
		{105E70C5-6F74-421D-9CD0-273D2B4E2AA2}.Release|Any CPU.Build.0 = Release|Any CPU
	EndGlobalSection
EndGlobal
